
Microsoft Visual Studio Solution File, Format Version 12.00
# Visual Studio Version 17
VisualStudioVersion = 17.14.36717.8 d17.14
MinimumVisualStudioVersion = 10.0.40219.1
Project("{FAE04EC0-301F-11D3-BF4B-00C04F79EFBC}") = "eyecare", "eyecare.csproj", "{37F24D8E-3322-42E7-A555-B429DDA8F452}"
EndProject
Global
	GlobalSection(SolutionConfigurationPlatforms) = preSolution
		Debug|Any CPU = Debug|Any CPU
		Release|Any CPU = Release|Any CPU
	EndGlobalSection
	GlobalSection(ProjectConfigurationPlatforms) = postSolution
		{37F24D8E-3322-42E7-A555-B429DDA8F452}.Debug|Any CPU.ActiveCfg = Debug|Any CPU
		{37F24D8E-3322-42E7-A555-B429DDA8F452}.Debug|Any CPU.Build.0 = Debug|Any CPU
		{37F24D8E-3322-42E7-A555-B429DDA8F452}.Release|Any CPU.ActiveCfg = Release|Any CPU
		{37F24D8E-3322-42E7-A555-B429DDA8F452}.Release|Any CPU.Build.0 = Release|Any CPU
	EndGlobalSection
	GlobalSection(SolutionProperties) = preSolution
		HideSolutionNode = FALSE
	EndGlobalSection
	GlobalSection(ExtensibilityGlobals) = postSolution
		SolutionGuid = {C137768F-A2AF-4747-8554-52D599429B68}
	EndGlobalSection
EndGlobal
